// !$*UTF8*$!
{
	archiveVersion = 1;
	classes = {
	};
	objectVersion = 50;
	objects = {

/* Begin PBXBuildFile section */
		423F6E8F44E5E7F7C4EE5362 /* Pods_StockAlert.framework in Frameworks */ = {isa = PBXBuildFile; fileRef = 8A9DC8D5C8B98BBDF1B4814B /* Pods_StockAlert.framework */; };
		9F796EAB227394E6008A7363 /* AddStockViewController.swift in Sources */ = {isa = PBXBuildFile; fileRef = 9F796EAA227394E6008A7363 /* AddStockViewController.swift */; };
		9F796EAE2273C027008A7363 /* NewsViewController.swift in Sources */ = {isa = PBXBuildFile; fileRef = 9F796EAD2273C027008A7363 /* NewsViewController.swift */; };
		9F796EB02273C0F3008A7363 /* News.swift in Sources */ = {isa = PBXBuildFile; fileRef = 9F796EAF2273C0F3008A7363 /* News.swift */; };
		9FCC7C2A226F940A007E09C0 /* AppDelegate.swift in Sources */ = {isa = PBXBuildFile; fileRef = 9FCC7C29226F940A007E09C0 /* AppDelegate.swift */; };
		9FCC7C2C226F940A007E09C0 /* ViewController.swift in Sources */ = {isa = PBXBuildFile; fileRef = 9FCC7C2B226F940A007E09C0 /* ViewController.swift */; };
		9FCC7C31226F940B007E09C0 /* Assets.xcassets in Resources */ = {isa = PBXBuildFile; fileRef = 9FCC7C30226F940B007E09C0 /* Assets.xcassets */; };
		9FCC7C34226F940B007E09C0 /* LaunchScreen.storyboard in Resources */ = {isa = PBXBuildFile; fileRef = 9FCC7C32226F940B007E09C0 /* LaunchScreen.storyboard */; };
		9FCC7C3C226FD1D1007E09C0 /* Stock.swift in Sources */ = {isa = PBXBuildFile; fileRef = 9FCC7C3B226FD1D1007E09C0 /* Stock.swift */; };
		9FCC7C3E226FD58D007E09C0 /* StocksTableViewCell.swift in Sources */ = {isa = PBXBuildFile; fileRef = 9FCC7C3D226FD58D007E09C0 /* StocksTableViewCell.swift */; };
		9FCC7C40226FDD34007E09C0 /* UpdateViewController.swift in Sources */ = {isa = PBXBuildFile; fileRef = 9FCC7C3F226FDD34007E09C0 /* UpdateViewController.swift */; };
		9FCC7C42226FF246007E09C0 /* TabViewController.swift in Sources */ = {isa = PBXBuildFile; fileRef = 9FCC7C41226FF246007E09C0 /* TabViewController.swift */; };
/* End PBXBuildFile section */

/* Begin PBXFileReference section */
		8A9DC8D5C8B98BBDF1B4814B /* Pods_StockAlert.framework */ = {isa = PBXFileReference; explicitFileType = wrapper.framework; includeInIndex = 0; path = Pods_StockAlert.framework; sourceTree = BUILT_PRODUCTS_DIR; };
		9F796EAA227394E6008A7363 /* AddStockViewController.swift */ = {isa = PBXFileReference; lastKnownFileType = sourcecode.swift; path = AddStockViewController.swift; sourceTree = "<group>"; };
		9F796EAD2273C027008A7363 /* NewsViewController.swift */ = {isa = PBXFileReference; lastKnownFileType = sourcecode.swift; path = NewsViewController.swift; sourceTree = "<group>"; };
		9F796EAF2273C0F3008A7363 /* News.swift */ = {isa = PBXFileReference; lastKnownFileType = sourcecode.swift; path = News.swift; sourceTree = "<group>"; };
		9FCC7C26226F940A007E09C0 /* StockAlert.app */ = {isa = PBXFileReference; explicitFileType = wrapper.application; includeInIndex = 0; path = StockAlert.app; sourceTree = BUILT_PRODUCTS_DIR; };
		9FCC7C29226F940A007E09C0 /* AppDelegate.swift */ = {isa = PBXFileReference; lastKnownFileType = sourcecode.swift; path = AppDelegate.swift; sourceTree = "<group>"; };
		9FCC7C2B226F940A007E09C0 /* ViewController.swift */ = {isa = PBXFileReference; lastKnownFileType = sourcecode.swift; path = ViewController.swift; sourceTree = "<group>"; };
		9FCC7C30226F940B007E09C0 /* Assets.xcassets */ = {isa = PBXFileReference; lastKnownFileType = folder.assetcatalog; path = Assets.xcassets; sourceTree = "<group>"; };
		9FCC7C33226F940B007E09C0 /* Base */ = {isa = PBXFileReference; lastKnownFileType = file.storyboard; name = Base; path = Base.lproj/LaunchScreen.storyboard; sourceTree = "<group>"; };
		9FCC7C35226F940B007E09C0 /* Info.plist */ = {isa = PBXFileReference; lastKnownFileType = text.plist.xml; path = Info.plist; sourceTree = "<group>"; };
		9FCC7C3B226FD1D1007E09C0 /* Stock.swift */ = {isa = PBXFileReference; lastKnownFileType = sourcecode.swift; path = Stock.swift; sourceTree = "<group>"; };
		9FCC7C3D226FD58D007E09C0 /* StocksTableViewCell.swift */ = {isa = PBXFileReference; lastKnownFileType = sourcecode.swift; path = StocksTableViewCell.swift; sourceTree = "<group>"; };
		9FCC7C3F226FDD34007E09C0 /* UpdateViewController.swift */ = {isa = PBXFileReference; lastKnownFileType = sourcecode.swift; path = UpdateViewController.swift; sourceTree = "<group>"; };
		9FCC7C41226FF246007E09C0 /* TabViewController.swift */ = {isa = PBXFileReference; lastKnownFileType = sourcecode.swift; path = TabViewController.swift; sourceTree = "<group>"; };
		DE47487452ACB9D8EE2FE7E5 /* Pods-StockAlert.debug.xcconfig */ = {isa = PBXFileReference; includeInIndex = 1; lastKnownFileType = text.xcconfig; name = "Pods-StockAlert.debug.xcconfig"; path = "Target Support Files/Pods-StockAlert/Pods-StockAlert.debug.xcconfig"; sourceTree = "<group>"; };
		FCBC4FBAF5ACA030E4F86031 /* Pods-StockAlert.release.xcconfig */ = {isa = PBXFileReference; includeInIndex = 1; lastKnownFileType = text.xcconfig; name = "Pods-StockAlert.release.xcconfig"; path = "Target Support Files/Pods-StockAlert/Pods-StockAlert.release.xcconfig"; sourceTree = "<group>"; };
/* End PBXFileReference section */

/* Begin PBXFrameworksBuildPhase section */
		9FCC7C23226F940A007E09C0 /* Frameworks */ = {
			isa = PBXFrameworksBuildPhase;
			buildActionMask = 2147483647;
			files = (
				423F6E8F44E5E7F7C4EE5362 /* Pods_StockAlert.framework in Frameworks */,
			);
			runOnlyForDeploymentPostprocessing = 0;
		};
/* End PBXFrameworksBuildPhase section */

/* Begin PBXGroup section */
		28087706EEBD7D708211F1BC /* Pods */ = {
			isa = PBXGroup;
			children = (
				DE47487452ACB9D8EE2FE7E5 /* Pods-StockAlert.debug.xcconfig */,
				FCBC4FBAF5ACA030E4F86031 /* Pods-StockAlert.release.xcconfig */,
			);
			path = Pods;
			sourceTree = "<group>";
		};
		9FCC7C1D226F940A007E09C0 = {
			isa = PBXGroup;
			children = (
				9FCC7C28226F940A007E09C0 /* StockAlert */,
				9FCC7C27226F940A007E09C0 /* Products */,
				28087706EEBD7D708211F1BC /* Pods */,
				B1B5CA816851B5409601AC58 /* Frameworks */,
			);
			sourceTree = "<group>";
		};
		9FCC7C27226F940A007E09C0 /* Products */ = {
			isa = PBXGroup;
			children = (
				9FCC7C26226F940A007E09C0 /* StockAlert.app */,
			);
			name = Products;
			sourceTree = "<group>";
		};
		9FCC7C28226F940A007E09C0 /* StockAlert */ = {
			isa = PBXGroup;
			children = (
				9FCC7C29226F940A007E09C0 /* AppDelegate.swift */,
				9FCC7C41226FF246007E09C0 /* TabViewController.swift */,
				9FCC7C2B226F940A007E09C0 /* ViewController.swift */,
				9F796EAD2273C027008A7363 /* NewsViewController.swift */,
				9F796EAF2273C0F3008A7363 /* News.swift */,
				9FCC7C3F226FDD34007E09C0 /* UpdateViewController.swift */,
				9F796EAA227394E6008A7363 /* AddStockViewController.swift */,
				9FCC7C3D226FD58D007E09C0 /* StocksTableViewCell.swift */,
				9FCC7C3B226FD1D1007E09C0 /* Stock.swift */,
				9FCC7C30226F940B007E09C0 /* Assets.xcassets */,
				9FCC7C32226F940B007E09C0 /* LaunchScreen.storyboard */,
				9FCC7C35226F940B007E09C0 /* Info.plist */,
			);
			path = StockAlert;
			sourceTree = "<group>";
		};
		B1B5CA816851B5409601AC58 /* Frameworks */ = {
			isa = PBXGroup;
			children = (
				8A9DC8D5C8B98BBDF1B4814B /* Pods_StockAlert.framework */,
			);
			name = Frameworks;
			sourceTree = "<group>";
		};
/* End PBXGroup section */

/* Begin PBXNativeTarget section */
		9FCC7C25226F940A007E09C0 /* StockAlert */ = {
			isa = PBXNativeTarget;
			buildConfigurationList = 9FCC7C38226F940B007E09C0 /* Build configuration list for PBXNativeTarget "StockAlert" */;
			buildPhases = (
				B2ABC480E365D56C62DDF6F5 /* [CP] Check Pods Manifest.lock */,
				9FCC7C22226F940A007E09C0 /* Sources */,
				9FCC7C23226F940A007E09C0 /* Frameworks */,
				9FCC7C24226F940A007E09C0 /* Resources */,
				55DA4DF43F9482DF1AE6D5C8 /* [CP] Embed Pods Frameworks */,
				860BE82993AF5183FCECA30A /* [CP] Copy Pods Resources */,
			);
			buildRules = (
			);
			dependencies = (
			);
			name = StockAlert;
			productName = StockAlert;
			productReference = 9FCC7C26226F940A007E09C0 /* StockAlert.app */;
			productType = "com.apple.product-type.application";
		};
/* End PBXNativeTarget section */

/* Begin PBXProject section */
		9FCC7C1E226F940A007E09C0 /* Project object */ = {
			isa = PBXProject;
			attributes = {
				LastSwiftUpdateCheck = 1020;
				LastUpgradeCheck = 1020;
				ORGANIZATIONNAME = "Annamalai Annamalai";
				TargetAttributes = {
					9FCC7C25226F940A007E09C0 = {
						CreatedOnToolsVersion = 10.2.1;
					};
				};
			};
			buildConfigurationList = 9FCC7C21226F940A007E09C0 /* Build configuration list for PBXProject "StockAlert" */;
			compatibilityVersion = "Xcode 9.3";
			developmentRegion = en;
			hasScannedForEncodings = 0;
			knownRegions = (
				en,
				Base,
			);
			mainGroup = 9FCC7C1D226F940A007E09C0;
			productRefGroup = 9FCC7C27226F940A007E09C0 /* Products */;
			projectDirPath = "";
			projectRoot = "";
			targets = (
				9FCC7C25226F940A007E09C0 /* StockAlert */,
			);
		};
/* End PBXProject section */

/* Begin PBXResourcesBuildPhase section */
		9FCC7C24226F940A007E09C0 /* Resources */ = {
			isa = PBXResourcesBuildPhase;
			buildActionMask = 2147483647;
			files = (
				9FCC7C34226F940B007E09C0 /* LaunchScreen.storyboard in Resources */,
				9FCC7C31226F940B007E09C0 /* Assets.xcassets in Resources */,
			);
			runOnlyForDeploymentPostprocessing = 0;
		};
/* End PBXResourcesBuildPhase section */

/* Begin PBXShellScriptBuildPhase section */
		55DA4DF43F9482DF1AE6D5C8 /* [CP] Embed Pods Frameworks */ = {
			isa = PBXShellScriptBuildPhase;
			buildActionMask = 2147483647;
			files = (
			);
			inputFileListPaths = (
			);
			inputPaths = (
				"${PODS_ROOT}/Target Support Files/Pods-StockAlert/Pods-StockAlert-frameworks.sh",
				"${PODS_ROOT}/TwitterCore/iOS/TwitterCore.framework",
				"${PODS_ROOT}/TwitterKit/iOS/TwitterKit.framework",
			);
			name = "[CP] Embed Pods Frameworks";
			outputFileListPaths = (
			);
			outputPaths = (
				"${TARGET_BUILD_DIR}/${FRAMEWORKS_FOLDER_PATH}/TwitterCore.framework",
				"${TARGET_BUILD_DIR}/${FRAMEWORKS_FOLDER_PATH}/TwitterKit.framework",
			);
			runOnlyForDeploymentPostprocessing = 0;
			shellPath = /bin/sh;
			shellScript = "\"${PODS_ROOT}/Target Support Files/Pods-StockAlert/Pods-StockAlert-frameworks.sh\"\n";
			showEnvVarsInLog = 0;
		};
		860BE82993AF5183FCECA30A /* [CP] Copy Pods Resources */ = {
			isa = PBXShellScriptBuildPhase;
			buildActionMask = 2147483647;
			files = (
			);
			inputFileListPaths = (
			);
			inputPaths = (
				"${PODS_ROOT}/Target Support Files/Pods-StockAlert/Pods-StockAlert-resources.sh",
				"${PODS_ROOT}/TwitterKit/iOS/TwitterKit.framework/TwitterKitResources.bundle",
			);
			name = "[CP] Copy Pods Resources";
			outputFileListPaths = (
			);
			outputPaths = (
				"${TARGET_BUILD_DIR}/${UNLOCALIZED_RESOURCES_FOLDER_PATH}/TwitterKitResources.bundle",
			);
			runOnlyForDeploymentPostprocessing = 0;
			shellPath = /bin/sh;
			shellScript = "\"${PODS_ROOT}/Target Support Files/Pods-StockAlert/Pods-StockAlert-resources.sh\"\n";
			showEnvVarsInLog = 0;
		};
		B2ABC480E365D56C62DDF6F5 /* [CP] Check Pods Manifest.lock */ = {
			isa = PBXShellScriptBuildPhase;
			buildActionMask = 2147483647;
			files = (
			);
			inputFileListPaths = (
			);
			inputPaths = (
				"${PODS_PODFILE_DIR_PATH}/Podfile.lock",
				"${PODS_ROOT}/Manifest.lock",
			);
			name = "[CP] Check Pods Manifest.lock";
			outputFileListPaths = (
			);
			outputPaths = (
				"$(DERIVED_FILE_DIR)/Pods-StockAlert-checkManifestLockResult.txt",
			);
			runOnlyForDeploymentPostprocessing = 0;
			shellPath = /bin/sh;
			shellScript = "diff \"${PODS_PODFILE_DIR_PATH}/Podfile.lock\" \"${PODS_ROOT}/Manifest.lock\" > /dev/null\nif [ $? != 0 ] ; then\n    # print error to STDERR\n    echo \"error: The sandbox is not in sync with the Podfile.lock. Run 'pod install' or update your CocoaPods installation.\" >&2\n    exit 1\nfi\n# This output is used by Xcode 'outputs' to avoid re-running this script phase.\necho \"SUCCESS\" > \"${SCRIPT_OUTPUT_FILE_0}\"\n";
			showEnvVarsInLog = 0;
		};
/* End PBXShellScriptBuildPhase section */

/* Begin PBXSourcesBuildPhase section */
		9FCC7C22226F940A007E09C0 /* Sources */ = {
			isa = PBXSourcesBuildPhase;
			buildActionMask = 2147483647;
			files = (
				9FCC7C42226FF246007E09C0 /* TabViewController.swift in Sources */,
				9F796EAB227394E6008A7363 /* AddStockViewController.swift in Sources */,
				9FCC7C2C226F940A007E09C0 /* ViewController.swift in Sources */,
				9F796EB02273C0F3008A7363 /* News.swift in Sources */,
				9FCC7C2A226F940A007E09C0 /* AppDelegate.swift in Sources */,
				9FCC7C3E226FD58D007E09C0 /* StocksTableViewCell.swift in Sources */,
				9FCC7C3C226FD1D1007E09C0 /* Stock.swift in Sources */,
				9FCC7C40226FDD34007E09C0 /* UpdateViewController.swift in Sources */,
				9F796EAE2273C027008A7363 /* NewsViewController.swift in Sources */,
			);
			runOnlyForDeploymentPostprocessing = 0;
		};
/* End PBXSourcesBuildPhase section */

/* Begin PBXVariantGroup section */
		9FCC7C32226F940B007E09C0 /* LaunchScreen.storyboard */ = {
			isa = PBXVariantGroup;
			children = (
				9FCC7C33226F940B007E09C0 /* Base */,
			);
			name = LaunchScreen.storyboard;
			sourceTree = "<group>";
		};
/* End PBXVariantGroup section */

/* Begin XCBuildConfiguration section */
		9FCC7C36226F940B007E09C0 /* Debug */ = {
			isa = XCBuildConfiguration;
			buildSettings = {
				ALWAYS_SEARCH_USER_PATHS = NO;
				CLANG_ANALYZER_NONNULL = YES;
				CLANG_ANALYZER_NUMBER_OBJECT_CONVERSION = YES_AGGRESSIVE;
				CLANG_CXX_LANGUAGE_STANDARD = "gnu++14";
				CLANG_CXX_LIBRARY = "libc++";
				CLANG_ENABLE_MODULES = YES;
				CLANG_ENABLE_OBJC_ARC = YES;
				CLANG_ENABLE_OBJC_WEAK = YES;
				CLANG_WARN_BLOCK_CAPTURE_AUTORELEASING = YES;
				CLANG_WARN_BOOL_CONVERSION = YES;
				CLANG_WARN_COMMA = YES;
				CLANG_WARN_CONSTANT_CONVERSION = YES;
				CLANG_WARN_DEPRECATED_OBJC_IMPLEMENTATIONS = YES;
				CLANG_WARN_DIRECT_OBJC_ISA_USAGE = YES_ERROR;
				CLANG_WARN_DOCUMENTATION_COMMENTS = YES;
				CLANG_WARN_EMPTY_BODY = YES;
				CLANG_WARN_ENUM_CONVERSION = YES;
				CLANG_WARN_INFINITE_RECURSION = YES;
				CLANG_WARN_INT_CONVERSION = YES;
				CLANG_WARN_NON_LITERAL_NULL_CONVERSION = YES;
				CLANG_WARN_OBJC_IMPLICIT_RETAIN_SELF = YES;
				CLANG_WARN_OBJC_LITERAL_CONVERSION = YES;
				CLANG_WARN_OBJC_ROOT_CLASS = YES_ERROR;
				CLANG_WARN_RANGE_LOOP_ANALYSIS = YES;
				CLANG_WARN_STRICT_PROTOTYPES = YES;
				CLANG_WARN_SUSPICIOUS_MOVE = YES;
				CLANG_WARN_UNGUARDED_AVAILABILITY = YES_AGGRESSIVE;
				CLANG_WARN_UNREACHABLE_CODE = YES;
				CLANG_WARN__DUPLICATE_METHOD_MATCH = YES;
				CODE_SIGN_IDENTITY = "iPhone Developer";
				COPY_PHASE_STRIP = NO;
				DEBUG_INFORMATION_FORMAT = dwarf;
				ENABLE_STRICT_OBJC_MSGSEND = YES;
				ENABLE_TESTABILITY = YES;
				GCC_C_LANGUAGE_STANDARD = gnu11;
				GCC_DYNAMIC_NO_PIC = NO;
				GCC_NO_COMMON_BLOCKS = YES;
				GCC_OPTIMIZATION_LEVEL = 0;
				GCC_PREPROCESSOR_DEFINITIONS = (
					"DEBUG=1",
					"$(inherited)",
				);
				GCC_WARN_64_TO_32_BIT_CONVERSION = YES;
				GCC_WARN_ABOUT_RETURN_TYPE = YES_ERROR;
				GCC_WARN_UNDECLARED_SELECTOR = YES;
				GCC_WARN_UNINITIALIZED_AUTOS = YES_AGGRESSIVE;
				GCC_WARN_UNUSED_FUNCTION = YES;
				GCC_WARN_UNUSED_VARIABLE = YES;
				IPHONEOS_DEPLOYMENT_TARGET = 12.2;
				MTL_ENABLE_DEBUG_INFO = INCLUDE_SOURCE;
				MTL_FAST_MATH = YES;
				ONLY_ACTIVE_ARCH = YES;
				SDKROOT = iphoneos;
				SWIFT_ACTIVE_COMPILATION_CONDITIONS = DEBUG;
				SWIFT_OPTIMIZATION_LEVEL = "-Onone";
			};
			name = Debug;
		};
		9FCC7C37226F940B007E09C0 /* Release */ = {
			isa = XCBuildConfiguration;
			buildSettings = {
				ALWAYS_SEARCH_USER_PATHS = NO;
				CLANG_ANALYZER_NONNULL = YES;
				CLANG_ANALYZER_NUMBER_OBJECT_CONVERSION = YES_AGGRESSIVE;
				CLANG_CXX_LANGUAGE_STANDARD = "gnu++14";
				CLANG_CXX_LIBRARY = "libc++";
				CLANG_ENABLE_MODULES = YES;
				CLANG_ENABLE_OBJC_ARC = YES;
				CLANG_ENABLE_OBJC_WEAK = YES;
				CLANG_WARN_BLOCK_CAPTURE_AUTORELEASING = YES;
				CLANG_WARN_BOOL_CONVERSION = YES;
				CLANG_WARN_COMMA = YES;
				CLANG_WARN_CONSTANT_CONVERSION = YES;
				CLANG_WARN_DEPRECATED_OBJC_IMPLEMENTATIONS = YES;
				CLANG_WARN_DIRECT_OBJC_ISA_USAGE = YES_ERROR;
				CLANG_WARN_DOCUMENTATION_COMMENTS = YES;
				CLANG_WARN_EMPTY_BODY = YES;
				CLANG_WARN_ENUM_CONVERSION = YES;
				CLANG_WARN_INFINITE_RECURSION = YES;
				CLANG_WARN_INT_CONVERSION = YES;
				CLANG_WARN_NON_LITERAL_NULL_CONVERSION = YES;
				CLANG_WARN_OBJC_IMPLICIT_RETAIN_SELF = YES;
				CLANG_WARN_OBJC_LITERAL_CONVERSION = YES;
				CLANG_WARN_OBJC_ROOT_CLASS = YES_ERROR;
				CLANG_WARN_RANGE_LOOP_ANALYSIS = YES;
				CLANG_WARN_STRICT_PROTOTYPES = YES;
				CLANG_WARN_SUSPICIOUS_MOVE = YES;
				CLANG_WARN_UNGUARDED_AVAILABILITY = YES_AGGRESSIVE;
				CLANG_WARN_UNREACHABLE_CODE = YES;
				CLANG_WARN__DUPLICATE_METHOD_MATCH = YES;
				CODE_SIGN_IDENTITY = "iPhone Developer";
				COPY_PHASE_STRIP = NO;
				DEBUG_INFORMATION_FORMAT = "dwarf-with-dsym";
				ENABLE_NS_ASSERTIONS = NO;
				ENABLE_STRICT_OBJC_MSGSEND = YES;
				GCC_C_LANGUAGE_STANDARD = gnu11;
				GCC_NO_COMMON_BLOCKS = YES;
				GCC_WARN_64_TO_32_BIT_CONVERSION = YES;
				GCC_WARN_ABOUT_RETURN_TYPE = YES_ERROR;
				GCC_WARN_UNDECLARED_SELECTOR = YES;
				GCC_WARN_UNINITIALIZED_AUTOS = YES_AGGRESSIVE;
				GCC_WARN_UNUSED_FUNCTION = YES;
				GCC_WARN_UNUSED_VARIABLE = YES;
				IPHONEOS_DEPLOYMENT_TARGET = 12.2;
				MTL_ENABLE_DEBUG_INFO = NO;
				MTL_FAST_MATH = YES;
				SDKROOT = iphoneos;
				SWIFT_COMPILATION_MODE = wholemodule;
				SWIFT_OPTIMIZATION_LEVEL = "-O";
				VALIDATE_PRODUCT = YES;
			};
			name = Release;
		};
		9FCC7C39226F940B007E09C0 /* Debug */ = {
			isa = XCBuildConfiguration;
			baseConfigurationReference = DE47487452ACB9D8EE2FE7E5 /* Pods-StockAlert.debug.xcconfig */;
			buildSettings = {
				ASSETCATALOG_COMPILER_APPICON_NAME = AppIcon;
				CODE_SIGN_STYLE = Automatic;
				INFOPLIST_FILE = StockAlert/Info.plist;
				LD_RUNPATH_SEARCH_PATHS = (
					"$(inherited)",
					"@executable_path/Frameworks",
				);
				PRODUCT_BUNDLE_IDENTIFIER = com.annamalai.annamalai.author.StockAlert;
				PRODUCT_NAME = "$(TARGET_NAME)";
				SWIFT_VERSION = 5.0;
				TARGETED_DEVICE_FAMILY = "1,2";
			};
			name = Debug;
		};
		9FCC7C3A226F940B007E09C0 /* Release */ = {
			isa = XCBuildConfiguration;
			baseConfigurationReference = FCBC4FBAF5ACA030E4F86031 /* Pods-StockAlert.release.xcconfig */;
			buildSettings = {
				ASSETCATALOG_COMPILER_APPICON_NAME = AppIcon;
				CODE_SIGN_STYLE = Automatic;
				INFOPLIST_FILE = StockAlert/Info.plist;
				LD_RUNPATH_SEARCH_PATHS = (
					"$(inherited)",
					"@executable_path/Frameworks",
				);
				PRODUCT_BUNDLE_IDENTIFIER = com.annamalai.annamalai.author.StockAlert;
				PRODUCT_NAME = "$(TARGET_NAME)";
				SWIFT_VERSION = 5.0;
				TARGETED_DEVICE_FAMILY = "1,2";
			};
			name = Release;
		};
/* End XCBuildConfiguration section */

/* Begin XCConfigurationList section */
		9FCC7C21226F940A007E09C0 /* Build configuration list for PBXProject "StockAlert" */ = {
			isa = XCConfigurationList;
			buildConfigurations = (
				9FCC7C36226F940B007E09C0 /* Debug */,
				9FCC7C37226F940B007E09C0 /* Release */,
			);
			defaultConfigurationIsVisible = 0;
			defaultConfigurationName = Release;
		};
		9FCC7C38226F940B007E09C0 /* Build configuration list for PBXNativeTarget "StockAlert" */ = {
			isa = XCConfigurationList;
			buildConfigurations = (
				9FCC7C39226F940B007E09C0 /* Debug */,
				9FCC7C3A226F940B007E09C0 /* Release */,
			);
			defaultConfigurationIsVisible = 0;
			defaultConfigurationName = Release;
		};
/* End XCConfigurationList section */
	};
	rootObject = 9FCC7C1E226F940A007E09C0 /* Project object */;
}
